<?xml version="1.0" encoding="UTF-8"?>
<!DOCTYPE plist PUBLIC "-//Apple//DTD PLIST 1.0//EN" "http://www.apple.com/DTDs/PropertyList-1.0.dtd">
<plist version="1.0">
<dict>
	<key>BuildNumber</key>
	<string>416142</string>
	<key>BundleIdentifier</key>
	<string>com.barebones.bbedit</string>
	<key>HostIdentifier</key>
	<string>AF117E92-84DA-52C0-9651-2B49CF8560CE</string>
	<key>HostName</key>
	<string>iMac</string>
	<key>LockDate</key>
	<date>2022-03-15T17:08:38Z</date>
	<key>LockID</key>
	<string>C7D6B473-FF60-4267-B476-026BE2555CC6</string>
	<key>MarketingVersion</key>
	<string>14.1</string>
	<key>NetworkVolume</key>
	<false/>
	<key>ProcessIdentifier</key>
	<integer>2047</integer>
	<key>UserName</key>
	<string>rodrigo</string>
	<key>Version</key>
	<integer>3</integer>
	<key>VolumeIdentifier</key>
	<string>947B4609-B6D8-4EA3-B398-9F52C108CA5D</string>
</dict>
</plist>
